
Microsoft Visual Studio Solution File, Format Version 12.00
# Visual Studio Version 16
VisualStudioVersion = 16.0.33130.400
MinimumVisualStudioVersion = 10.0.40219.1
Project("{FAE04EC0-301F-11D3-BF4B-00C04F79EFBC}") = "MessengerService.Umnico", "MessengerService.Umnico.csproj", "{733C2EED-54AD-4F8F-8B78-249DB89DF92B}"
EndProject
Project("{FAE04EC0-301F-11D3-BF4B-00C04F79EFBC}") = "MessengerServiceUmnicoTests", "MessengerServiceUmnicoTests\MessengerServiceUmnicoTests.csproj", "{485F73AC-9D07-4AF5-BD27-AF08D25A8537}"
EndProject
Global
	GlobalSection(SolutionConfigurationPlatforms) = preSolution
		Debug|Any CPU = Debug|Any CPU
		Release|Any CPU = Release|Any CPU
	EndGlobalSection
	GlobalSection(ProjectConfigurationPlatforms) = postSolution
		{733C2EED-54AD-4F8F-8B78-249DB89DF92B}.Debug|Any CPU.ActiveCfg = Debug|Any CPU
		{733C2EED-54AD-4F8F-8B78-249DB89DF92B}.Debug|Any CPU.Build.0 = Debug|Any CPU
		{733C2EED-54AD-4F8F-8B78-249DB89DF92B}.Release|Any CPU.ActiveCfg = Release|Any CPU
		{733C2EED-54AD-4F8F-8B78-249DB89DF92B}.Release|Any CPU.Build.0 = Release|Any CPU
		{485F73AC-9D07-4AF5-BD27-AF08D25A8537}.Debug|Any CPU.ActiveCfg = Debug|Any CPU
		{485F73AC-9D07-4AF5-BD27-AF08D25A8537}.Debug|Any CPU.Build.0 = Debug|Any CPU
		{485F73AC-9D07-4AF5-BD27-AF08D25A8537}.Release|Any CPU.ActiveCfg = Release|Any CPU
		{485F73AC-9D07-4AF5-BD27-AF08D25A8537}.Release|Any CPU.Build.0 = Release|Any CPU
	EndGlobalSection
	GlobalSection(SolutionProperties) = preSolution
		HideSolutionNode = FALSE
	EndGlobalSection
	GlobalSection(ExtensibilityGlobals) = postSolution
		SolutionGuid = {FE690FB2-3548-40DF-BC9C-03171C4E673C}
	EndGlobalSection
EndGlobal
